
Microsoft Visual Studio Solution File, Format Version 12.00
# Visual Studio 15
Project("{FAE04EC0-301F-11D3-BF4B-00C04F79EFBC}") = "Unity.Timeline", "Unity.Timeline.csproj", "{CA765426-973A-51DC-88A3-CBAE2D1D126A}"
EndProject
Project("{FAE04EC0-301F-11D3-BF4B-00C04F79EFBC}") = "Unity.PlasticSCM.Editor", "Unity.PlasticSCM.Editor.csproj", "{D0CE70E5-4314-A23D-1A09-B50DA4381F52}"
EndProject
Project("{FAE04EC0-301F-11D3-BF4B-00C04F79EFBC}") = "Unity.2D.Aseprite.Editor", "Unity.2D.Aseprite.Editor.csproj", "{272AD242-0770-5CDA-6C84-5AAB137A9B44}"
EndProject
Project("{FAE04EC0-301F-11D3-BF4B-00C04F79EFBC}") = "Unity.Mathematics", "Unity.Mathematics.csproj", "{CCCB08C7-E22C-48BA-20E1-4938459B8310}"
EndProject
Project("{FAE04EC0-301F-11D3-BF4B-00C04F79EFBC}") = "Unity.Timeline.Editor", "Unity.Timeline.Editor.csproj", "{104286B6-C411-C4FB-8AB9-497160A5E0A0}"
EndProject
Project("{FAE04EC0-301F-11D3-BF4B-00C04F79EFBC}") = "Unity.2D.Psdimporter.Editor", "Unity.2D.Psdimporter.Editor.csproj", "{976A47EC-CA27-FE01-43C0-F04735F0E566}"
EndProject
Project("{FAE04EC0-301F-11D3-BF4B-00C04F79EFBC}") = "Unity.2D.IK.Runtime", "Unity.2D.IK.Runtime.csproj", "{8AE008EE-63EA-87B4-9522-004FCF4234D1}"
EndProject
Project("{FAE04EC0-301F-11D3-BF4B-00C04F79EFBC}") = "Unity.Collections", "Unity.Collections.csproj", "{6525CB8F-91C8-AB1A-BA08-F91867FFDF3C}"
EndProject
Project("{FAE04EC0-301F-11D3-BF4B-00C04F79EFBC}") = "Unity.VisualScripting.Core.Editor", "Unity.VisualScripting.Core.Editor.csproj", "{1FF9F98D-3926-F951-06DE-29811C743428}"
EndProject
Project("{FAE04EC0-301F-11D3-BF4B-00C04F79EFBC}") = "Unity.PerformanceTesting.Editor", "Unity.PerformanceTesting.Editor.csproj", "{07698933-1E11-C4D9-0599-2BA80F903163}"
EndProject
Project("{FAE04EC0-301F-11D3-BF4B-00C04F79EFBC}") = "Unity.Burst", "Unity.Burst.csproj", "{3C126809-4600-8948-CDF3-85210FCF7B01}"
EndProject
Project("{FAE04EC0-301F-11D3-BF4B-00C04F79EFBC}") = "Unity.VisualScripting.Flow.Editor", "Unity.VisualScripting.Flow.Editor.csproj", "{F4408694-022C-DC13-0FFA-588F0272A061}"
EndProject
Project("{FAE04EC0-301F-11D3-BF4B-00C04F79EFBC}") = "Unity.2D.SpriteShape.Editor", "Unity.2D.SpriteShape.Editor.csproj", "{0174BA9C-DC48-4353-F7BD-D39E9D6A417D}"
EndProject
Project("{FAE04EC0-301F-11D3-BF4B-00C04F79EFBC}") = "Unity.VisualStudio.Editor", "Unity.VisualStudio.Editor.csproj", "{93B3BBBB-FF73-A877-1FC8-7E00D6AEBA09}"
EndProject
Project("{FAE04EC0-301F-11D3-BF4B-00C04F79EFBC}") = "Unity.InputSystem", "Unity.InputSystem.csproj", "{93B83C70-F6FB-B424-E511-2ACF7B631243}"
EndProject
Project("{FAE04EC0-301F-11D3-BF4B-00C04F79EFBC}") = "Unity.2D.Animation.Editor", "Unity.2D.Animation.Editor.csproj", "{D505DD23-B3DD-FF59-3640-B55C917F2CED}"
EndProject
Project("{FAE04EC0-301F-11D3-BF4B-00C04F79EFBC}") = "Unity.Searcher.Editor", "Unity.Searcher.Editor.csproj", "{E272A69E-6694-91E9-B61F-B4138F131EDB}"
EndProject
Project("{FAE04EC0-301F-11D3-BF4B-00C04F79EFBC}") = "Unity.2D.SpriteShape.Runtime", "Unity.2D.SpriteShape.Runtime.csproj", "{5F7E0E3B-DA33-AA27-BA8D-C344FE6EE4D9}"
EndProject
Project("{FAE04EC0-301F-11D3-BF4B-00C04F79EFBC}") = "Unity.VisualScripting.Core", "Unity.VisualScripting.Core.csproj", "{5C30A4DB-6475-F272-3994-DD9E6B5D9313}"
EndProject
Project("{FAE04EC0-301F-11D3-BF4B-00C04F79EFBC}") = "Unity.VisualScripting.State.Editor", "Unity.VisualScripting.State.Editor.csproj", "{4FE2C35E-4654-EE12-843F-7B9197A772DF}"
EndProject
Project("{FAE04EC0-301F-11D3-BF4B-00C04F79EFBC}") = "Unity.Burst.CodeGen", "Unity.Burst.CodeGen.csproj", "{B2A279EC-1E55-C848-D2A1-A51FD1AA7DCF}"
EndProject
Project("{FAE04EC0-301F-11D3-BF4B-00C04F79EFBC}") = "Unity.VisualScripting.Flow", "Unity.VisualScripting.Flow.csproj", "{4A3B303A-918B-28C3-E137-E6F72E5735D6}"
EndProject
Project("{FAE04EC0-301F-11D3-BF4B-00C04F79EFBC}") = "Assembly-CSharp", "Assembly-CSharp.csproj", "{8139BD77-BA9F-AD5B-723A-7FC71578A8DB}"
EndProject
Project("{FAE04EC0-301F-11D3-BF4B-00C04F79EFBC}") = "Unity.PerformanceTesting", "Unity.PerformanceTesting.csproj", "{A183A44A-91C2-7DFF-D437-5017F56A548A}"
EndProject
Project("{FAE04EC0-301F-11D3-BF4B-00C04F79EFBC}") = "Unity.2D.Tilemap.Extras.Editor", "Unity.2D.Tilemap.Extras.Editor.csproj", "{0CE38CD0-9600-2B58-0198-76C4A16CB6A0}"
EndProject
Project("{FAE04EC0-301F-11D3-BF4B-00C04F79EFBC}") = "PsdPlugin", "PsdPlugin.csproj", "{3DB20443-EDF3-4E98-071A-49D021E70619}"
EndProject
Project("{FAE04EC0-301F-11D3-BF4B-00C04F79EFBC}") = "Unity.2D.IK.Editor", "Unity.2D.IK.Editor.csproj", "{C7E83E29-3AF0-88E7-B874-732F89ABEA99}"
EndProject
Project("{FAE04EC0-301F-11D3-BF4B-00C04F79EFBC}") = "Unity.InternalAPIEngineBridge.001", "Unity.InternalAPIEngineBridge.001.csproj", "{3D6C4D95-A236-4DF9-9C7B-E7C073E63326}"
EndProject
Project("{FAE04EC0-301F-11D3-BF4B-00C04F79EFBC}") = "Unity.Burst.Editor", "Unity.Burst.Editor.csproj", "{3D177D5D-DA48-7825-752A-5D0C89BED0BC}"
EndProject
Project("{FAE04EC0-301F-11D3-BF4B-00C04F79EFBC}") = "Unity.2D.Common.Path.Editor", "Unity.2D.Common.Path.Editor.csproj", "{49953971-86FB-0BFB-7B01-3C91EAC197E8}"
EndProject
Project("{FAE04EC0-301F-11D3-BF4B-00C04F79EFBC}") = "Unity.2D.Common.Editor", "Unity.2D.Common.Editor.csproj", "{0E796E4B-5211-27A1-55DB-BCDB8B1860FD}"
EndProject
Project("{FAE04EC0-301F-11D3-BF4B-00C04F79EFBC}") = "ScriptablePacker", "ScriptablePacker.csproj", "{83CFE04E-8355-897E-EEE5-A1B0D218ABA2}"
EndProject
Project("{FAE04EC0-301F-11D3-BF4B-00C04F79EFBC}") = "Unity.Rider.Editor", "Unity.Rider.Editor.csproj", "{7413EE67-BFC3-C8C7-2DAA-C9193B957D6D}"
EndProject
Project("{FAE04EC0-301F-11D3-BF4B-00C04F79EFBC}") = "Unity.2D.Tooling.Editor", "Unity.2D.Tooling.Editor.csproj", "{05041B29-C269-EFB0-852C-B2EEEDE0EA1F}"
EndProject
Project("{FAE04EC0-301F-11D3-BF4B-00C04F79EFBC}") = "Unity.VisualScripting.State", "Unity.VisualScripting.State.csproj", "{181E7E82-6C49-70B4-EF96-EB9DA1FB44A2}"
EndProject
Project("{FAE04EC0-301F-11D3-BF4B-00C04F79EFBC}") = "Unity.InternalAPIEditorBridge.001", "Unity.InternalAPIEditorBridge.001.csproj", "{B41194CB-CBBE-80E3-FB76-039CFD70BD87}"
EndProject
Project("{FAE04EC0-301F-11D3-BF4B-00C04F79EFBC}") = "Unity.InputSystem.ForUI", "Unity.InputSystem.ForUI.csproj", "{23553AAC-A430-869B-1AFA-423212316206}"
EndProject
Project("{FAE04EC0-301F-11D3-BF4B-00C04F79EFBC}") = "Unity.Collections.CodeGen", "Unity.Collections.CodeGen.csproj", "{A8129751-80E8-1E53-59B4-9A1E63374D61}"
EndProject
Project("{FAE04EC0-301F-11D3-BF4B-00C04F79EFBC}") = "Unity.2D.Tilemap.Extras", "Unity.2D.Tilemap.Extras.csproj", "{55683C4C-B3B2-C765-5353-342990D8C96B}"
EndProject
Project("{FAE04EC0-301F-11D3-BF4B-00C04F79EFBC}") = "Unity.2D.Animation.Runtime", "Unity.2D.Animation.Runtime.csproj", "{A82B0AB6-B173-10CA-6E42-013D607FCF46}"
EndProject
Project("{FAE04EC0-301F-11D3-BF4B-00C04F79EFBC}") = "Unity.Mathematics.Editor", "Unity.Mathematics.Editor.csproj", "{54285980-F66B-B44E-0763-9850AF3BE5C3}"
EndProject
Project("{FAE04EC0-301F-11D3-BF4B-00C04F79EFBC}") = "Unity.VisualScripting.SettingsProvider.Editor", "Unity.VisualScripting.SettingsProvider.Editor.csproj", "{65CF14A6-3F02-6403-3049-E99E3B12E2D7}"
EndProject
Project("{FAE04EC0-301F-11D3-BF4B-00C04F79EFBC}") = "Unity.2D.Common.Runtime", "Unity.2D.Common.Runtime.csproj", "{7CDDFB48-7BEF-9258-2C49-7EBE3619B46A}"
EndProject
Project("{FAE04EC0-301F-11D3-BF4B-00C04F79EFBC}") = "Unity.InputSystem.TestFramework", "Unity.InputSystem.TestFramework.csproj", "{668EFC32-27FA-4D17-5472-BD77FCC3A049}"
EndProject
Project("{FAE04EC0-301F-11D3-BF4B-00C04F79EFBC}") = "Unity.VisualScripting.Shared.Editor", "Unity.VisualScripting.Shared.Editor.csproj", "{2A8A9AD2-3273-A0DD-0ACE-3F7E86307A2B}"
EndProject
Project("{FAE04EC0-301F-11D3-BF4B-00C04F79EFBC}") = "Unity.2D.Aseprite.Common", "Unity.2D.Aseprite.Common.csproj", "{4EA6C31C-E1BB-76D0-6B25-3CA5AD217A5A}"
EndProject
Project("{FAE04EC0-301F-11D3-BF4B-00C04F79EFBC}") = "Unity.CollabProxy.Editor", "Unity.CollabProxy.Editor.csproj", "{F8DF0216-0806-7FDE-1E87-9C2FA7E99210}"
EndProject
Project("{FAE04EC0-301F-11D3-BF4B-00C04F79EFBC}") = "Unity.InputSystem.DocCodeSamples", "Unity.InputSystem.DocCodeSamples.csproj", "{DCD59018-F71E-549F-2429-6132A58ABACC}"
EndProject
Project("{FAE04EC0-301F-11D3-BF4B-00C04F79EFBC}") = "Unity.VisualScripting.DocCodeExamples", "Unity.VisualScripting.DocCodeExamples.csproj", "{5993632D-27A6-3AE9-70BD-D465E9B3D84F}"
EndProject
Project("{FAE04EC0-301F-11D3-BF4B-00C04F79EFBC}") = "Unity.PlasticSCM.Editor.Entities", "Unity.PlasticSCM.Editor.Entities.csproj", "{78216626-D3BB-8AD9-79DC-1C84C7F44638}"
EndProject
Project("{FAE04EC0-301F-11D3-BF4B-00C04F79EFBC}") = "Unity.Collections.Editor", "Unity.Collections.Editor.csproj", "{87C4A733-5059-DD45-377B-0035E9BD4287}"
EndProject
Project("{FAE04EC0-301F-11D3-BF4B-00C04F79EFBC}") = "Unity.Timeline", "Unity.Timeline.Player.csproj", "{94CDD8D3-9D78-D149-C0E9-A31E88E1639E}"
EndProject
Project("{FAE04EC0-301F-11D3-BF4B-00C04F79EFBC}") = "Unity.Mathematics", "Unity.Mathematics.Player.csproj", "{4A7D3C92-D9DD-CA4F-E1B8-C01E3A66FD59}"
EndProject
Project("{FAE04EC0-301F-11D3-BF4B-00C04F79EFBC}") = "Unity.2D.IK.Runtime", "Unity.2D.IK.Runtime.Player.csproj", "{0B9C6F44-9EDF-B739-C3A4-956A3F75BEC0}"
EndProject
Project("{FAE04EC0-301F-11D3-BF4B-00C04F79EFBC}") = "Unity.Collections", "Unity.Collections.Player.csproj", "{48FB8342-CEE0-5905-8876-4D600F3EB5DF}"
EndProject
Project("{FAE04EC0-301F-11D3-BF4B-00C04F79EFBC}") = "Unity.Burst", "Unity.Burst.Player.csproj", "{2D35C133-4D5D-497A-22AC-CE75A25BCD2D}"
EndProject
Project("{FAE04EC0-301F-11D3-BF4B-00C04F79EFBC}") = "Unity.InputSystem", "Unity.InputSystem.Player.csproj", "{97C3BC44-8DDF-01B2-8433-93D4F14A5E3F}"
EndProject
Project("{FAE04EC0-301F-11D3-BF4B-00C04F79EFBC}") = "Unity.2D.SpriteShape.Runtime", "Unity.2D.SpriteShape.Runtime.Player.csproj", "{3D73D3F1-C50D-059E-4C66-A50977D8377A}"
EndProject
Project("{FAE04EC0-301F-11D3-BF4B-00C04F79EFBC}") = "Unity.VisualScripting.Core", "Unity.VisualScripting.Core.Player.csproj", "{778BBA58-24F3-E075-20EB-BE43FD3DF780}"
EndProject
Project("{FAE04EC0-301F-11D3-BF4B-00C04F79EFBC}") = "Unity.VisualScripting.Flow", "Unity.VisualScripting.Flow.Player.csproj", "{FB35BD2D-5232-5FB5-B42D-A82AA5FDD06D}"
EndProject
Project("{FAE04EC0-301F-11D3-BF4B-00C04F79EFBC}") = "Assembly-CSharp", "Assembly-CSharp.Player.csproj", "{666E8877-0BD2-6C98-D48E-8E42EC0DB520}"
EndProject
Project("{FAE04EC0-301F-11D3-BF4B-00C04F79EFBC}") = "Unity.PerformanceTesting", "Unity.PerformanceTesting.Player.csproj", "{9C11152D-DBD8-300E-2D02-4FAE47D54407}"
EndProject
Project("{FAE04EC0-301F-11D3-BF4B-00C04F79EFBC}") = "Unity.InternalAPIEngineBridge.001", "Unity.InternalAPIEngineBridge.001.Player.csproj", "{5DFB6A8F-05F9-9E81-CFB6-D2CEBAA7439E}"
EndProject
Project("{FAE04EC0-301F-11D3-BF4B-00C04F79EFBC}") = "Unity.VisualScripting.State", "Unity.VisualScripting.State.Player.csproj", "{D11167A0-E65A-FE67-188E-DF30A7DC969D}"
EndProject
Project("{FAE04EC0-301F-11D3-BF4B-00C04F79EFBC}") = "Unity.InputSystem.ForUI", "Unity.InputSystem.ForUI.Player.csproj", "{F651FF58-A750-8A65-85DE-D5F83A1D1CA9}"
EndProject
Project("{FAE04EC0-301F-11D3-BF4B-00C04F79EFBC}") = "Unity.2D.Tilemap.Extras", "Unity.2D.Tilemap.Extras.Player.csproj", "{98BAA5B7-8DD9-96B7-D928-B14C213716E8}"
EndProject
Project("{FAE04EC0-301F-11D3-BF4B-00C04F79EFBC}") = "Unity.2D.Animation.Runtime", "Unity.2D.Animation.Runtime.Player.csproj", "{21306AB3-C7A6-6E24-3632-6BC709B2075D}"
EndProject
Project("{FAE04EC0-301F-11D3-BF4B-00C04F79EFBC}") = "Unity.2D.Common.Runtime", "Unity.2D.Common.Runtime.Player.csproj", "{7A2926DF-EF67-F380-0A1C-2A877B09D612}"
EndProject
Project("{FAE04EC0-301F-11D3-BF4B-00C04F79EFBC}") = "Unity.InputSystem.TestFramework", "Unity.InputSystem.TestFramework.Player.csproj", "{64FB2FA7-558B-916E-AD06-342B7727C08B}"
EndProject
Project("{FAE04EC0-301F-11D3-BF4B-00C04F79EFBC}") = "Unity.VisualScripting.DocCodeExamples", "Unity.VisualScripting.DocCodeExamples.Player.csproj", "{A021AEA7-8BA3-5D5A-9E9E-EFB1877AE4DE}"
EndProject
Global
	GlobalSection(SolutionConfigurationPlatforms) = preSolution
		Debug|Any CPU = Debug|Any CPU
		Release|Any CPU = Release|Any CPU
	EndGlobalSection
	GlobalSection(ProjectConfigurationPlatforms) = postSolution
		{CA765426-973A-51DC-88A3-CBAE2D1D126A}.Debug|Any CPU.ActiveCfg = Debug|Any CPU
		{CA765426-973A-51DC-88A3-CBAE2D1D126A}.Debug|Any CPU.Build.0 = Debug|Any CPU
		{CA765426-973A-51DC-88A3-CBAE2D1D126A}.Release|Any CPU.ActiveCfg = Release|Any CPU
		{CA765426-973A-51DC-88A3-CBAE2D1D126A}.Release|Any CPU.Build.0 = Release|Any CPU
		{D0CE70E5-4314-A23D-1A09-B50DA4381F52}.Debug|Any CPU.ActiveCfg = Debug|Any CPU
		{D0CE70E5-4314-A23D-1A09-B50DA4381F52}.Debug|Any CPU.Build.0 = Debug|Any CPU
		{D0CE70E5-4314-A23D-1A09-B50DA4381F52}.Release|Any CPU.ActiveCfg = Release|Any CPU
		{D0CE70E5-4314-A23D-1A09-B50DA4381F52}.Release|Any CPU.Build.0 = Release|Any CPU
		{272AD242-0770-5CDA-6C84-5AAB137A9B44}.Debug|Any CPU.ActiveCfg = Debug|Any CPU
		{272AD242-0770-5CDA-6C84-5AAB137A9B44}.Debug|Any CPU.Build.0 = Debug|Any CPU
		{272AD242-0770-5CDA-6C84-5AAB137A9B44}.Release|Any CPU.ActiveCfg = Release|Any CPU
		{272AD242-0770-5CDA-6C84-5AAB137A9B44}.Release|Any CPU.Build.0 = Release|Any CPU
		{CCCB08C7-E22C-48BA-20E1-4938459B8310}.Debug|Any CPU.ActiveCfg = Debug|Any CPU
		{CCCB08C7-E22C-48BA-20E1-4938459B8310}.Debug|Any CPU.Build.0 = Debug|Any CPU
		{CCCB08C7-E22C-48BA-20E1-4938459B8310}.Release|Any CPU.ActiveCfg = Release|Any CPU
		{CCCB08C7-E22C-48BA-20E1-4938459B8310}.Release|Any CPU.Build.0 = Release|Any CPU
		{104286B6-C411-C4FB-8AB9-497160A5E0A0}.Debug|Any CPU.ActiveCfg = Debug|Any CPU
		{104286B6-C411-C4FB-8AB9-497160A5E0A0}.Debug|Any CPU.Build.0 = Debug|Any CPU
		{104286B6-C411-C4FB-8AB9-497160A5E0A0}.Release|Any CPU.ActiveCfg = Release|Any CPU
		{104286B6-C411-C4FB-8AB9-497160A5E0A0}.Release|Any CPU.Build.0 = Release|Any CPU
		{976A47EC-CA27-FE01-43C0-F04735F0E566}.Debug|Any CPU.ActiveCfg = Debug|Any CPU
		{976A47EC-CA27-FE01-43C0-F04735F0E566}.Debug|Any CPU.Build.0 = Debug|Any CPU
		{976A47EC-CA27-FE01-43C0-F04735F0E566}.Release|Any CPU.ActiveCfg = Release|Any CPU
		{976A47EC-CA27-FE01-43C0-F04735F0E566}.Release|Any CPU.Build.0 = Release|Any CPU
		{8AE008EE-63EA-87B4-9522-004FCF4234D1}.Debug|Any CPU.ActiveCfg = Debug|Any CPU
		{8AE008EE-63EA-87B4-9522-004FCF4234D1}.Debug|Any CPU.Build.0 = Debug|Any CPU
		{8AE008EE-63EA-87B4-9522-004FCF4234D1}.Release|Any CPU.ActiveCfg = Release|Any CPU
		{8AE008EE-63EA-87B4-9522-004FCF4234D1}.Release|Any CPU.Build.0 = Release|Any CPU
		{6525CB8F-91C8-AB1A-BA08-F91867FFDF3C}.Debug|Any CPU.ActiveCfg = Debug|Any CPU
		{6525CB8F-91C8-AB1A-BA08-F91867FFDF3C}.Debug|Any CPU.Build.0 = Debug|Any CPU
		{6525CB8F-91C8-AB1A-BA08-F91867FFDF3C}.Release|Any CPU.ActiveCfg = Release|Any CPU
		{6525CB8F-91C8-AB1A-BA08-F91867FFDF3C}.Release|Any CPU.Build.0 = Release|Any CPU
		{1FF9F98D-3926-F951-06DE-29811C743428}.Debug|Any CPU.ActiveCfg = Debug|Any CPU
		{1FF9F98D-3926-F951-06DE-29811C743428}.Debug|Any CPU.Build.0 = Debug|Any CPU
		{1FF9F98D-3926-F951-06DE-29811C743428}.Release|Any CPU.ActiveCfg = Release|Any CPU
		{1FF9F98D-3926-F951-06DE-29811C743428}.Release|Any CPU.Build.0 = Release|Any CPU
		{07698933-1E11-C4D9-0599-2BA80F903163}.Debug|Any CPU.ActiveCfg = Debug|Any CPU
		{07698933-1E11-C4D9-0599-2BA80F903163}.Debug|Any CPU.Build.0 = Debug|Any CPU
		{07698933-1E11-C4D9-0599-2BA80F903163}.Release|Any CPU.ActiveCfg = Release|Any CPU
		{07698933-1E11-C4D9-0599-2BA80F903163}.Release|Any CPU.Build.0 = Release|Any CPU
		{3C126809-4600-8948-CDF3-85210FCF7B01}.Debug|Any CPU.ActiveCfg = Debug|Any CPU
		{3C126809-4600-8948-CDF3-85210FCF7B01}.Debug|Any CPU.Build.0 = Debug|Any CPU
		{3C126809-4600-8948-CDF3-85210FCF7B01}.Release|Any CPU.ActiveCfg = Release|Any CPU
		{3C126809-4600-8948-CDF3-85210FCF7B01}.Release|Any CPU.Build.0 = Release|Any CPU
		{F4408694-022C-DC13-0FFA-588F0272A061}.Debug|Any CPU.ActiveCfg = Debug|Any CPU
		{F4408694-022C-DC13-0FFA-588F0272A061}.Debug|Any CPU.Build.0 = Debug|Any CPU
		{F4408694-022C-DC13-0FFA-588F0272A061}.Release|Any CPU.ActiveCfg = Release|Any CPU
		{F4408694-022C-DC13-0FFA-588F0272A061}.Release|Any CPU.Build.0 = Release|Any CPU
		{0174BA9C-DC48-4353-F7BD-D39E9D6A417D}.Debug|Any CPU.ActiveCfg = Debug|Any CPU
		{0174BA9C-DC48-4353-F7BD-D39E9D6A417D}.Debug|Any CPU.Build.0 = Debug|Any CPU
		{0174BA9C-DC48-4353-F7BD-D39E9D6A417D}.Release|Any CPU.ActiveCfg = Release|Any CPU
		{0174BA9C-DC48-4353-F7BD-D39E9D6A417D}.Release|Any CPU.Build.0 = Release|Any CPU
		{93B3BBBB-FF73-A877-1FC8-7E00D6AEBA09}.Debug|Any CPU.ActiveCfg = Debug|Any CPU
		{93B3BBBB-FF73-A877-1FC8-7E00D6AEBA09}.Debug|Any CPU.Build.0 = Debug|Any CPU
		{93B3BBBB-FF73-A877-1FC8-7E00D6AEBA09}.Release|Any CPU.ActiveCfg = Release|Any CPU
		{93B3BBBB-FF73-A877-1FC8-7E00D6AEBA09}.Release|Any CPU.Build.0 = Release|Any CPU
		{93B83C70-F6FB-B424-E511-2ACF7B631243}.Debug|Any CPU.ActiveCfg = Debug|Any CPU
		{93B83C70-F6FB-B424-E511-2ACF7B631243}.Debug|Any CPU.Build.0 = Debug|Any CPU
		{93B83C70-F6FB-B424-E511-2ACF7B631243}.Release|Any CPU.ActiveCfg = Release|Any CPU
		{93B83C70-F6FB-B424-E511-2ACF7B631243}.Release|Any CPU.Build.0 = Release|Any CPU
		{D505DD23-B3DD-FF59-3640-B55C917F2CED}.Debug|Any CPU.ActiveCfg = Debug|Any CPU
		{D505DD23-B3DD-FF59-3640-B55C917F2CED}.Debug|Any CPU.Build.0 = Debug|Any CPU
		{D505DD23-B3DD-FF59-3640-B55C917F2CED}.Release|Any CPU.ActiveCfg = Release|Any CPU
		{D505DD23-B3DD-FF59-3640-B55C917F2CED}.Release|Any CPU.Build.0 = Release|Any CPU
		{E272A69E-6694-91E9-B61F-B4138F131EDB}.Debug|Any CPU.ActiveCfg = Debug|Any CPU
		{E272A69E-6694-91E9-B61F-B4138F131EDB}.Debug|Any CPU.Build.0 = Debug|Any CPU
		{E272A69E-6694-91E9-B61F-B4138F131EDB}.Release|Any CPU.ActiveCfg = Release|Any CPU
		{E272A69E-6694-91E9-B61F-B4138F131EDB}.Release|Any CPU.Build.0 = Release|Any CPU
		{5F7E0E3B-DA33-AA27-BA8D-C344FE6EE4D9}.Debug|Any CPU.ActiveCfg = Debug|Any CPU
		{5F7E0E3B-DA33-AA27-BA8D-C344FE6EE4D9}.Debug|Any CPU.Build.0 = Debug|Any CPU
		{5F7E0E3B-DA33-AA27-BA8D-C344FE6EE4D9}.Release|Any CPU.ActiveCfg = Release|Any CPU
		{5F7E0E3B-DA33-AA27-BA8D-C344FE6EE4D9}.Release|Any CPU.Build.0 = Release|Any CPU
		{5C30A4DB-6475-F272-3994-DD9E6B5D9313}.Debug|Any CPU.ActiveCfg = Debug|Any CPU
		{5C30A4DB-6475-F272-3994-DD9E6B5D9313}.Debug|Any CPU.Build.0 = Debug|Any CPU
		{5C30A4DB-6475-F272-3994-DD9E6B5D9313}.Release|Any CPU.ActiveCfg = Release|Any CPU
		{5C30A4DB-6475-F272-3994-DD9E6B5D9313}.Release|Any CPU.Build.0 = Release|Any CPU
		{4FE2C35E-4654-EE12-843F-7B9197A772DF}.Debug|Any CPU.ActiveCfg = Debug|Any CPU
		{4FE2C35E-4654-EE12-843F-7B9197A772DF}.Debug|Any CPU.Build.0 = Debug|Any CPU
		{4FE2C35E-4654-EE12-843F-7B9197A772DF}.Release|Any CPU.ActiveCfg = Release|Any CPU
		{4FE2C35E-4654-EE12-843F-7B9197A772DF}.Release|Any CPU.Build.0 = Release|Any CPU
		{B2A279EC-1E55-C848-D2A1-A51FD1AA7DCF}.Debug|Any CPU.ActiveCfg = Debug|Any CPU
		{B2A279EC-1E55-C848-D2A1-A51FD1AA7DCF}.Debug|Any CPU.Build.0 = Debug|Any CPU
		{B2A279EC-1E55-C848-D2A1-A51FD1AA7DCF}.Release|Any CPU.ActiveCfg = Release|Any CPU
		{B2A279EC-1E55-C848-D2A1-A51FD1AA7DCF}.Release|Any CPU.Build.0 = Release|Any CPU
		{4A3B303A-918B-28C3-E137-E6F72E5735D6}.Debug|Any CPU.ActiveCfg = Debug|Any CPU
		{4A3B303A-918B-28C3-E137-E6F72E5735D6}.Debug|Any CPU.Build.0 = Debug|Any CPU
		{4A3B303A-918B-28C3-E137-E6F72E5735D6}.Release|Any CPU.ActiveCfg = Release|Any CPU
		{4A3B303A-918B-28C3-E137-E6F72E5735D6}.Release|Any CPU.Build.0 = Release|Any CPU
		{8139BD77-BA9F-AD5B-723A-7FC71578A8DB}.Debug|Any CPU.ActiveCfg = Debug|Any CPU
		{8139BD77-BA9F-AD5B-723A-7FC71578A8DB}.Debug|Any CPU.Build.0 = Debug|Any CPU
		{8139BD77-BA9F-AD5B-723A-7FC71578A8DB}.Release|Any CPU.ActiveCfg = Release|Any CPU
		{8139BD77-BA9F-AD5B-723A-7FC71578A8DB}.Release|Any CPU.Build.0 = Release|Any CPU
		{A183A44A-91C2-7DFF-D437-5017F56A548A}.Debug|Any CPU.ActiveCfg = Debug|Any CPU
		{A183A44A-91C2-7DFF-D437-5017F56A548A}.Debug|Any CPU.Build.0 = Debug|Any CPU
		{A183A44A-91C2-7DFF-D437-5017F56A548A}.Release|Any CPU.ActiveCfg = Release|Any CPU
		{A183A44A-91C2-7DFF-D437-5017F56A548A}.Release|Any CPU.Build.0 = Release|Any CPU
		{0CE38CD0-9600-2B58-0198-76C4A16CB6A0}.Debug|Any CPU.ActiveCfg = Debug|Any CPU
		{0CE38CD0-9600-2B58-0198-76C4A16CB6A0}.Debug|Any CPU.Build.0 = Debug|Any CPU
		{0CE38CD0-9600-2B58-0198-76C4A16CB6A0}.Release|Any CPU.ActiveCfg = Release|Any CPU
		{0CE38CD0-9600-2B58-0198-76C4A16CB6A0}.Release|Any CPU.Build.0 = Release|Any CPU
		{3DB20443-EDF3-4E98-071A-49D021E70619}.Debug|Any CPU.ActiveCfg = Debug|Any CPU
		{3DB20443-EDF3-4E98-071A-49D021E70619}.Debug|Any CPU.Build.0 = Debug|Any CPU
		{3DB20443-EDF3-4E98-071A-49D021E70619}.Release|Any CPU.ActiveCfg = Release|Any CPU
		{3DB20443-EDF3-4E98-071A-49D021E70619}.Release|Any CPU.Build.0 = Release|Any CPU
		{C7E83E29-3AF0-88E7-B874-732F89ABEA99}.Debug|Any CPU.ActiveCfg = Debug|Any CPU
		{C7E83E29-3AF0-88E7-B874-732F89ABEA99}.Debug|Any CPU.Build.0 = Debug|Any CPU
		{C7E83E29-3AF0-88E7-B874-732F89ABEA99}.Release|Any CPU.ActiveCfg = Release|Any CPU
		{C7E83E29-3AF0-88E7-B874-732F89ABEA99}.Release|Any CPU.Build.0 = Release|Any CPU
		{3D6C4D95-A236-4DF9-9C7B-E7C073E63326}.Debug|Any CPU.ActiveCfg = Debug|Any CPU
		{3D6C4D95-A236-4DF9-9C7B-E7C073E63326}.Debug|Any CPU.Build.0 = Debug|Any CPU
		{3D6C4D95-A236-4DF9-9C7B-E7C073E63326}.Release|Any CPU.ActiveCfg = Release|Any CPU
		{3D6C4D95-A236-4DF9-9C7B-E7C073E63326}.Release|Any CPU.Build.0 = Release|Any CPU
		{3D177D5D-DA48-7825-752A-5D0C89BED0BC}.Debug|Any CPU.ActiveCfg = Debug|Any CPU
		{3D177D5D-DA48-7825-752A-5D0C89BED0BC}.Debug|Any CPU.Build.0 = Debug|Any CPU
		{3D177D5D-DA48-7825-752A-5D0C89BED0BC}.Release|Any CPU.ActiveCfg = Release|Any CPU
		{3D177D5D-DA48-7825-752A-5D0C89BED0BC}.Release|Any CPU.Build.0 = Release|Any CPU
		{49953971-86FB-0BFB-7B01-3C91EAC197E8}.Debug|Any CPU.ActiveCfg = Debug|Any CPU
		{49953971-86FB-0BFB-7B01-3C91EAC197E8}.Debug|Any CPU.Build.0 = Debug|Any CPU
		{49953971-86FB-0BFB-7B01-3C91EAC197E8}.Release|Any CPU.ActiveCfg = Release|Any CPU
		{49953971-86FB-0BFB-7B01-3C91EAC197E8}.Release|Any CPU.Build.0 = Release|Any CPU
		{0E796E4B-5211-27A1-55DB-BCDB8B1860FD}.Debug|Any CPU.ActiveCfg = Debug|Any CPU
		{0E796E4B-5211-27A1-55DB-BCDB8B1860FD}.Debug|Any CPU.Build.0 = Debug|Any CPU
		{0E796E4B-5211-27A1-55DB-BCDB8B1860FD}.Release|Any CPU.ActiveCfg = Release|Any CPU
		{0E796E4B-5211-27A1-55DB-BCDB8B1860FD}.Release|Any CPU.Build.0 = Release|Any CPU
		{83CFE04E-8355-897E-EEE5-A1B0D218ABA2}.Debug|Any CPU.ActiveCfg = Debug|Any CPU
		{83CFE04E-8355-897E-EEE5-A1B0D218ABA2}.Debug|Any CPU.Build.0 = Debug|Any CPU
		{83CFE04E-8355-897E-EEE5-A1B0D218ABA2}.Release|Any CPU.ActiveCfg = Release|Any CPU
		{83CFE04E-8355-897E-EEE5-A1B0D218ABA2}.Release|Any CPU.Build.0 = Release|Any CPU
		{7413EE67-BFC3-C8C7-2DAA-C9193B957D6D}.Debug|Any CPU.ActiveCfg = Debug|Any CPU
		{7413EE67-BFC3-C8C7-2DAA-C9193B957D6D}.Debug|Any CPU.Build.0 = Debug|Any CPU
		{7413EE67-BFC3-C8C7-2DAA-C9193B957D6D}.Release|Any CPU.ActiveCfg = Release|Any CPU
		{7413EE67-BFC3-C8C7-2DAA-C9193B957D6D}.Release|Any CPU.Build.0 = Release|Any CPU
		{05041B29-C269-EFB0-852C-B2EEEDE0EA1F}.Debug|Any CPU.ActiveCfg = Debug|Any CPU
		{05041B29-C269-EFB0-852C-B2EEEDE0EA1F}.Debug|Any CPU.Build.0 = Debug|Any CPU
		{05041B29-C269-EFB0-852C-B2EEEDE0EA1F}.Release|Any CPU.ActiveCfg = Release|Any CPU
		{05041B29-C269-EFB0-852C-B2EEEDE0EA1F}.Release|Any CPU.Build.0 = Release|Any CPU
		{181E7E82-6C49-70B4-EF96-EB9DA1FB44A2}.Debug|Any CPU.ActiveCfg = Debug|Any CPU
		{181E7E82-6C49-70B4-EF96-EB9DA1FB44A2}.Debug|Any CPU.Build.0 = Debug|Any CPU
		{181E7E82-6C49-70B4-EF96-EB9DA1FB44A2}.Release|Any CPU.ActiveCfg = Release|Any CPU
		{181E7E82-6C49-70B4-EF96-EB9DA1FB44A2}.Release|Any CPU.Build.0 = Release|Any CPU
		{B41194CB-CBBE-80E3-FB76-039CFD70BD87}.Debug|Any CPU.ActiveCfg = Debug|Any CPU
		{B41194CB-CBBE-80E3-FB76-039CFD70BD87}.Debug|Any CPU.Build.0 = Debug|Any CPU
		{B41194CB-CBBE-80E3-FB76-039CFD70BD87}.Release|Any CPU.ActiveCfg = Release|Any CPU
		{B41194CB-CBBE-80E3-FB76-039CFD70BD87}.Release|Any CPU.Build.0 = Release|Any CPU
		{23553AAC-A430-869B-1AFA-423212316206}.Debug|Any CPU.ActiveCfg = Debug|Any CPU
		{23553AAC-A430-869B-1AFA-423212316206}.Debug|Any CPU.Build.0 = Debug|Any CPU
		{23553AAC-A430-869B-1AFA-423212316206}.Release|Any CPU.ActiveCfg = Release|Any CPU
		{23553AAC-A430-869B-1AFA-423212316206}.Release|Any CPU.Build.0 = Release|Any CPU
		{A8129751-80E8-1E53-59B4-9A1E63374D61}.Debug|Any CPU.ActiveCfg = Debug|Any CPU
		{A8129751-80E8-1E53-59B4-9A1E63374D61}.Debug|Any CPU.Build.0 = Debug|Any CPU
		{A8129751-80E8-1E53-59B4-9A1E63374D61}.Release|Any CPU.ActiveCfg = Release|Any CPU
		{A8129751-80E8-1E53-59B4-9A1E63374D61}.Release|Any CPU.Build.0 = Release|Any CPU
		{55683C4C-B3B2-C765-5353-342990D8C96B}.Debug|Any CPU.ActiveCfg = Debug|Any CPU
		{55683C4C-B3B2-C765-5353-342990D8C96B}.Debug|Any CPU.Build.0 = Debug|Any CPU
		{55683C4C-B3B2-C765-5353-342990D8C96B}.Release|Any CPU.ActiveCfg = Release|Any CPU
		{55683C4C-B3B2-C765-5353-342990D8C96B}.Release|Any CPU.Build.0 = Release|Any CPU
		{A82B0AB6-B173-10CA-6E42-013D607FCF46}.Debug|Any CPU.ActiveCfg = Debug|Any CPU
		{A82B0AB6-B173-10CA-6E42-013D607FCF46}.Debug|Any CPU.Build.0 = Debug|Any CPU
		{A82B0AB6-B173-10CA-6E42-013D607FCF46}.Release|Any CPU.ActiveCfg = Release|Any CPU
		{A82B0AB6-B173-10CA-6E42-013D607FCF46}.Release|Any CPU.Build.0 = Release|Any CPU
		{54285980-F66B-B44E-0763-9850AF3BE5C3}.Debug|Any CPU.ActiveCfg = Debug|Any CPU
		{54285980-F66B-B44E-0763-9850AF3BE5C3}.Debug|Any CPU.Build.0 = Debug|Any CPU
		{54285980-F66B-B44E-0763-9850AF3BE5C3}.Release|Any CPU.ActiveCfg = Release|Any CPU
		{54285980-F66B-B44E-0763-9850AF3BE5C3}.Release|Any CPU.Build.0 = Release|Any CPU
		{65CF14A6-3F02-6403-3049-E99E3B12E2D7}.Debug|Any CPU.ActiveCfg = Debug|Any CPU
		{65CF14A6-3F02-6403-3049-E99E3B12E2D7}.Debug|Any CPU.Build.0 = Debug|Any CPU
		{65CF14A6-3F02-6403-3049-E99E3B12E2D7}.Release|Any CPU.ActiveCfg = Release|Any CPU
		{65CF14A6-3F02-6403-3049-E99E3B12E2D7}.Release|Any CPU.Build.0 = Release|Any CPU
		{7CDDFB48-7BEF-9258-2C49-7EBE3619B46A}.Debug|Any CPU.ActiveCfg = Debug|Any CPU
		{7CDDFB48-7BEF-9258-2C49-7EBE3619B46A}.Debug|Any CPU.Build.0 = Debug|Any CPU
		{7CDDFB48-7BEF-9258-2C49-7EBE3619B46A}.Release|Any CPU.ActiveCfg = Release|Any CPU
		{7CDDFB48-7BEF-9258-2C49-7EBE3619B46A}.Release|Any CPU.Build.0 = Release|Any CPU
		{668EFC32-27FA-4D17-5472-BD77FCC3A049}.Debug|Any CPU.ActiveCfg = Debug|Any CPU
		{668EFC32-27FA-4D17-5472-BD77FCC3A049}.Debug|Any CPU.Build.0 = Debug|Any CPU
		{668EFC32-27FA-4D17-5472-BD77FCC3A049}.Release|Any CPU.ActiveCfg = Release|Any CPU
		{668EFC32-27FA-4D17-5472-BD77FCC3A049}.Release|Any CPU.Build.0 = Release|Any CPU
		{2A8A9AD2-3273-A0DD-0ACE-3F7E86307A2B}.Debug|Any CPU.ActiveCfg = Debug|Any CPU
		{2A8A9AD2-3273-A0DD-0ACE-3F7E86307A2B}.Debug|Any CPU.Build.0 = Debug|Any CPU
		{2A8A9AD2-3273-A0DD-0ACE-3F7E86307A2B}.Release|Any CPU.ActiveCfg = Release|Any CPU
		{2A8A9AD2-3273-A0DD-0ACE-3F7E86307A2B}.Release|Any CPU.Build.0 = Release|Any CPU
		{4EA6C31C-E1BB-76D0-6B25-3CA5AD217A5A}.Debug|Any CPU.ActiveCfg = Debug|Any CPU
		{4EA6C31C-E1BB-76D0-6B25-3CA5AD217A5A}.Debug|Any CPU.Build.0 = Debug|Any CPU
		{4EA6C31C-E1BB-76D0-6B25-3CA5AD217A5A}.Release|Any CPU.ActiveCfg = Release|Any CPU
		{4EA6C31C-E1BB-76D0-6B25-3CA5AD217A5A}.Release|Any CPU.Build.0 = Release|Any CPU
		{F8DF0216-0806-7FDE-1E87-9C2FA7E99210}.Debug|Any CPU.ActiveCfg = Debug|Any CPU
		{F8DF0216-0806-7FDE-1E87-9C2FA7E99210}.Debug|Any CPU.Build.0 = Debug|Any CPU
		{F8DF0216-0806-7FDE-1E87-9C2FA7E99210}.Release|Any CPU.ActiveCfg = Release|Any CPU
		{F8DF0216-0806-7FDE-1E87-9C2FA7E99210}.Release|Any CPU.Build.0 = Release|Any CPU
		{DCD59018-F71E-549F-2429-6132A58ABACC}.Debug|Any CPU.ActiveCfg = Debug|Any CPU
		{DCD59018-F71E-549F-2429-6132A58ABACC}.Debug|Any CPU.Build.0 = Debug|Any CPU
		{DCD59018-F71E-549F-2429-6132A58ABACC}.Release|Any CPU.ActiveCfg = Release|Any CPU
		{DCD59018-F71E-549F-2429-6132A58ABACC}.Release|Any CPU.Build.0 = Release|Any CPU
		{5993632D-27A6-3AE9-70BD-D465E9B3D84F}.Debug|Any CPU.ActiveCfg = Debug|Any CPU
		{5993632D-27A6-3AE9-70BD-D465E9B3D84F}.Debug|Any CPU.Build.0 = Debug|Any CPU
		{5993632D-27A6-3AE9-70BD-D465E9B3D84F}.Release|Any CPU.ActiveCfg = Release|Any CPU
		{5993632D-27A6-3AE9-70BD-D465E9B3D84F}.Release|Any CPU.Build.0 = Release|Any CPU
		{78216626-D3BB-8AD9-79DC-1C84C7F44638}.Debug|Any CPU.ActiveCfg = Debug|Any CPU
		{78216626-D3BB-8AD9-79DC-1C84C7F44638}.Debug|Any CPU.Build.0 = Debug|Any CPU
		{78216626-D3BB-8AD9-79DC-1C84C7F44638}.Release|Any CPU.ActiveCfg = Release|Any CPU
		{78216626-D3BB-8AD9-79DC-1C84C7F44638}.Release|Any CPU.Build.0 = Release|Any CPU
		{87C4A733-5059-DD45-377B-0035E9BD4287}.Debug|Any CPU.ActiveCfg = Debug|Any CPU
		{87C4A733-5059-DD45-377B-0035E9BD4287}.Debug|Any CPU.Build.0 = Debug|Any CPU
		{87C4A733-5059-DD45-377B-0035E9BD4287}.Release|Any CPU.ActiveCfg = Release|Any CPU
		{87C4A733-5059-DD45-377B-0035E9BD4287}.Release|Any CPU.Build.0 = Release|Any CPU
		{94CDD8D3-9D78-D149-C0E9-A31E88E1639E}.Debug|Any CPU.ActiveCfg = Debug|Any CPU
		{94CDD8D3-9D78-D149-C0E9-A31E88E1639E}.Debug|Any CPU.Build.0 = Debug|Any CPU
		{94CDD8D3-9D78-D149-C0E9-A31E88E1639E}.Release|Any CPU.ActiveCfg = Release|Any CPU
		{94CDD8D3-9D78-D149-C0E9-A31E88E1639E}.Release|Any CPU.Build.0 = Release|Any CPU
		{4A7D3C92-D9DD-CA4F-E1B8-C01E3A66FD59}.Debug|Any CPU.ActiveCfg = Debug|Any CPU
		{4A7D3C92-D9DD-CA4F-E1B8-C01E3A66FD59}.Debug|Any CPU.Build.0 = Debug|Any CPU
		{4A7D3C92-D9DD-CA4F-E1B8-C01E3A66FD59}.Release|Any CPU.ActiveCfg = Release|Any CPU
		{4A7D3C92-D9DD-CA4F-E1B8-C01E3A66FD59}.Release|Any CPU.Build.0 = Release|Any CPU
		{0B9C6F44-9EDF-B739-C3A4-956A3F75BEC0}.Debug|Any CPU.ActiveCfg = Debug|Any CPU
		{0B9C6F44-9EDF-B739-C3A4-956A3F75BEC0}.Debug|Any CPU.Build.0 = Debug|Any CPU
		{0B9C6F44-9EDF-B739-C3A4-956A3F75BEC0}.Release|Any CPU.ActiveCfg = Release|Any CPU
		{0B9C6F44-9EDF-B739-C3A4-956A3F75BEC0}.Release|Any CPU.Build.0 = Release|Any CPU
		{48FB8342-CEE0-5905-8876-4D600F3EB5DF}.Debug|Any CPU.ActiveCfg = Debug|Any CPU
		{48FB8342-CEE0-5905-8876-4D600F3EB5DF}.Debug|Any CPU.Build.0 = Debug|Any CPU
		{48FB8342-CEE0-5905-8876-4D600F3EB5DF}.Release|Any CPU.ActiveCfg = Release|Any CPU
		{48FB8342-CEE0-5905-8876-4D600F3EB5DF}.Release|Any CPU.Build.0 = Release|Any CPU
		{2D35C133-4D5D-497A-22AC-CE75A25BCD2D}.Debug|Any CPU.ActiveCfg = Debug|Any CPU
		{2D35C133-4D5D-497A-22AC-CE75A25BCD2D}.Debug|Any CPU.Build.0 = Debug|Any CPU
		{2D35C133-4D5D-497A-22AC-CE75A25BCD2D}.Release|Any CPU.ActiveCfg = Release|Any CPU
		{2D35C133-4D5D-497A-22AC-CE75A25BCD2D}.Release|Any CPU.Build.0 = Release|Any CPU
		{97C3BC44-8DDF-01B2-8433-93D4F14A5E3F}.Debug|Any CPU.ActiveCfg = Debug|Any CPU
		{97C3BC44-8DDF-01B2-8433-93D4F14A5E3F}.Debug|Any CPU.Build.0 = Debug|Any CPU
		{97C3BC44-8DDF-01B2-8433-93D4F14A5E3F}.Release|Any CPU.ActiveCfg = Release|Any CPU
		{97C3BC44-8DDF-01B2-8433-93D4F14A5E3F}.Release|Any CPU.Build.0 = Release|Any CPU
		{3D73D3F1-C50D-059E-4C66-A50977D8377A}.Debug|Any CPU.ActiveCfg = Debug|Any CPU
		{3D73D3F1-C50D-059E-4C66-A50977D8377A}.Debug|Any CPU.Build.0 = Debug|Any CPU
		{3D73D3F1-C50D-059E-4C66-A50977D8377A}.Release|Any CPU.ActiveCfg = Release|Any CPU
		{3D73D3F1-C50D-059E-4C66-A50977D8377A}.Release|Any CPU.Build.0 = Release|Any CPU
		{778BBA58-24F3-E075-20EB-BE43FD3DF780}.Debug|Any CPU.ActiveCfg = Debug|Any CPU
		{778BBA58-24F3-E075-20EB-BE43FD3DF780}.Debug|Any CPU.Build.0 = Debug|Any CPU
		{778BBA58-24F3-E075-20EB-BE43FD3DF780}.Release|Any CPU.ActiveCfg = Release|Any CPU
		{778BBA58-24F3-E075-20EB-BE43FD3DF780}.Release|Any CPU.Build.0 = Release|Any CPU
		{FB35BD2D-5232-5FB5-B42D-A82AA5FDD06D}.Debug|Any CPU.ActiveCfg = Debug|Any CPU
		{FB35BD2D-5232-5FB5-B42D-A82AA5FDD06D}.Debug|Any CPU.Build.0 = Debug|Any CPU
		{FB35BD2D-5232-5FB5-B42D-A82AA5FDD06D}.Release|Any CPU.ActiveCfg = Release|Any CPU
		{FB35BD2D-5232-5FB5-B42D-A82AA5FDD06D}.Release|Any CPU.Build.0 = Release|Any CPU
		{666E8877-0BD2-6C98-D48E-8E42EC0DB520}.Debug|Any CPU.ActiveCfg = Debug|Any CPU
		{666E8877-0BD2-6C98-D48E-8E42EC0DB520}.Debug|Any CPU.Build.0 = Debug|Any CPU
		{666E8877-0BD2-6C98-D48E-8E42EC0DB520}.Release|Any CPU.ActiveCfg = Release|Any CPU
		{666E8877-0BD2-6C98-D48E-8E42EC0DB520}.Release|Any CPU.Build.0 = Release|Any CPU
		{9C11152D-DBD8-300E-2D02-4FAE47D54407}.Debug|Any CPU.ActiveCfg = Debug|Any CPU
		{9C11152D-DBD8-300E-2D02-4FAE47D54407}.Debug|Any CPU.Build.0 = Debug|Any CPU
		{9C11152D-DBD8-300E-2D02-4FAE47D54407}.Release|Any CPU.ActiveCfg = Release|Any CPU
		{9C11152D-DBD8-300E-2D02-4FAE47D54407}.Release|Any CPU.Build.0 = Release|Any CPU
		{5DFB6A8F-05F9-9E81-CFB6-D2CEBAA7439E}.Debug|Any CPU.ActiveCfg = Debug|Any CPU
		{5DFB6A8F-05F9-9E81-CFB6-D2CEBAA7439E}.Debug|Any CPU.Build.0 = Debug|Any CPU
		{5DFB6A8F-05F9-9E81-CFB6-D2CEBAA7439E}.Release|Any CPU.ActiveCfg = Release|Any CPU
		{5DFB6A8F-05F9-9E81-CFB6-D2CEBAA7439E}.Release|Any CPU.Build.0 = Release|Any CPU
		{D11167A0-E65A-FE67-188E-DF30A7DC969D}.Debug|Any CPU.ActiveCfg = Debug|Any CPU
		{D11167A0-E65A-FE67-188E-DF30A7DC969D}.Debug|Any CPU.Build.0 = Debug|Any CPU
		{D11167A0-E65A-FE67-188E-DF30A7DC969D}.Release|Any CPU.ActiveCfg = Release|Any CPU
		{D11167A0-E65A-FE67-188E-DF30A7DC969D}.Release|Any CPU.Build.0 = Release|Any CPU
		{F651FF58-A750-8A65-85DE-D5F83A1D1CA9}.Debug|Any CPU.ActiveCfg = Debug|Any CPU
		{F651FF58-A750-8A65-85DE-D5F83A1D1CA9}.Debug|Any CPU.Build.0 = Debug|Any CPU
		{F651FF58-A750-8A65-85DE-D5F83A1D1CA9}.Release|Any CPU.ActiveCfg = Release|Any CPU
		{F651FF58-A750-8A65-85DE-D5F83A1D1CA9}.Release|Any CPU.Build.0 = Release|Any CPU
		{98BAA5B7-8DD9-96B7-D928-B14C213716E8}.Debug|Any CPU.ActiveCfg = Debug|Any CPU
		{98BAA5B7-8DD9-96B7-D928-B14C213716E8}.Debug|Any CPU.Build.0 = Debug|Any CPU
		{98BAA5B7-8DD9-96B7-D928-B14C213716E8}.Release|Any CPU.ActiveCfg = Release|Any CPU
		{98BAA5B7-8DD9-96B7-D928-B14C213716E8}.Release|Any CPU.Build.0 = Release|Any CPU
		{21306AB3-C7A6-6E24-3632-6BC709B2075D}.Debug|Any CPU.ActiveCfg = Debug|Any CPU
		{21306AB3-C7A6-6E24-3632-6BC709B2075D}.Debug|Any CPU.Build.0 = Debug|Any CPU
		{21306AB3-C7A6-6E24-3632-6BC709B2075D}.Release|Any CPU.ActiveCfg = Release|Any CPU
		{21306AB3-C7A6-6E24-3632-6BC709B2075D}.Release|Any CPU.Build.0 = Release|Any CPU
		{7A2926DF-EF67-F380-0A1C-2A877B09D612}.Debug|Any CPU.ActiveCfg = Debug|Any CPU
		{7A2926DF-EF67-F380-0A1C-2A877B09D612}.Debug|Any CPU.Build.0 = Debug|Any CPU
		{7A2926DF-EF67-F380-0A1C-2A877B09D612}.Release|Any CPU.ActiveCfg = Release|Any CPU
		{7A2926DF-EF67-F380-0A1C-2A877B09D612}.Release|Any CPU.Build.0 = Release|Any CPU
		{64FB2FA7-558B-916E-AD06-342B7727C08B}.Debug|Any CPU.ActiveCfg = Debug|Any CPU
		{64FB2FA7-558B-916E-AD06-342B7727C08B}.Debug|Any CPU.Build.0 = Debug|Any CPU
		{64FB2FA7-558B-916E-AD06-342B7727C08B}.Release|Any CPU.ActiveCfg = Release|Any CPU
		{64FB2FA7-558B-916E-AD06-342B7727C08B}.Release|Any CPU.Build.0 = Release|Any CPU
		{A021AEA7-8BA3-5D5A-9E9E-EFB1877AE4DE}.Debug|Any CPU.ActiveCfg = Debug|Any CPU
		{A021AEA7-8BA3-5D5A-9E9E-EFB1877AE4DE}.Debug|Any CPU.Build.0 = Debug|Any CPU
		{A021AEA7-8BA3-5D5A-9E9E-EFB1877AE4DE}.Release|Any CPU.ActiveCfg = Release|Any CPU
		{A021AEA7-8BA3-5D5A-9E9E-EFB1877AE4DE}.Release|Any CPU.Build.0 = Release|Any CPU
	EndGlobalSection
	GlobalSection(SolutionProperties) = preSolution
		HideSolutionNode = FALSE
	EndGlobalSection
EndGlobal
